
Microsoft Visual Studio Solution File, Format Version 12.00
# Visual Studio Version 17
VisualStudioVersion = 17.0.31903.59
MinimumVisualStudioVersion = 10.0.40219.1
Project("{2150E333-8FDC-42A3-9474-1A3956D46DE8}") = "Problems", "Problems", "{AE94DB03-D65A-4306-873C-8C7817DCA310}"
EndProject
Project("{FAE04EC0-301F-11D3-BF4B-00C04F79EFBC}") = "P1000", "Problems\P1000\P1000.csproj", "{5450F684-819D-4095-B8FA-AF963C38B3A3}"
EndProject
Project("{FAE04EC0-301F-11D3-BF4B-00C04F79EFBC}") = "P1001", "Problems\P1001\P1001.csproj", "{6CE1FAA6-0FE5-4AC9-95EE-5BD1DA4C7EA4}"
EndProject
Global
	GlobalSection(SolutionConfigurationPlatforms) = preSolution
		Debug|Any CPU = Debug|Any CPU
		Release|Any CPU = Release|Any CPU
	EndGlobalSection
	GlobalSection(ProjectConfigurationPlatforms) = postSolution
		{5450F684-819D-4095-B8FA-AF963C38B3A3}.Debug|Any CPU.ActiveCfg = Debug|Any CPU
		{5450F684-819D-4095-B8FA-AF963C38B3A3}.Debug|Any CPU.Build.0 = Debug|Any CPU
		{5450F684-819D-4095-B8FA-AF963C38B3A3}.Release|Any CPU.ActiveCfg = Release|Any CPU
		{5450F684-819D-4095-B8FA-AF963C38B3A3}.Release|Any CPU.Build.0 = Release|Any CPU
		{6CE1FAA6-0FE5-4AC9-95EE-5BD1DA4C7EA4}.Debug|Any CPU.ActiveCfg = Debug|Any CPU
		{6CE1FAA6-0FE5-4AC9-95EE-5BD1DA4C7EA4}.Debug|Any CPU.Build.0 = Debug|Any CPU
		{6CE1FAA6-0FE5-4AC9-95EE-5BD1DA4C7EA4}.Release|Any CPU.ActiveCfg = Release|Any CPU
		{6CE1FAA6-0FE5-4AC9-95EE-5BD1DA4C7EA4}.Release|Any CPU.Build.0 = Release|Any CPU
	EndGlobalSection
	GlobalSection(SolutionProperties) = preSolution
		HideSolutionNode = FALSE
	EndGlobalSection
	GlobalSection(NestedProjects) = preSolution
		{5450F684-819D-4095-B8FA-AF963C38B3A3} = {AE94DB03-D65A-4306-873C-8C7817DCA310}
		{6CE1FAA6-0FE5-4AC9-95EE-5BD1DA4C7EA4} = {AE94DB03-D65A-4306-873C-8C7817DCA310}
	EndGlobalSection
EndGlobal
