
Microsoft Visual Studio Solution File, Format Version 12.00
# Visual Studio Version 17
VisualStudioVersion = 17.0.31903.59
MinimumVisualStudioVersion = 10.0.40219.1
Project("{2150E333-8FDC-42A3-9474-1A3956D46DE8}") = "Problems", "Problems", "{AE94DB03-D65A-4306-873C-8C7817DCA310}"
EndProject
Project("{FAE04EC0-301F-11D3-BF4B-00C04F79EFBC}") = "P1000", "Problems\P1000\P1000.csproj", "{5450F684-819D-4095-B8FA-AF963C38B3A3}"
EndProject
Project("{FAE04EC0-301F-11D3-BF4B-00C04F79EFBC}") = "P1001", "Problems\P1001\P1001.csproj", "{6CE1FAA6-0FE5-4AC9-95EE-5BD1DA4C7EA4}"
EndProject
Project("{FAE04EC0-301F-11D3-BF4B-00C04F79EFBC}") = "P1002", "Problems\P1002\P1002.csproj", "{A6DEA2AB-44FA-4EE6-8FB7-35D5A20024C2}"
EndProject
Project("{FAE04EC0-301F-11D3-BF4B-00C04F79EFBC}") = "P1003", "Problems\P1003\P1003.csproj", "{C3CE5B36-B43B-4B91-B790-8217DA0E75C1}"
EndProject
Project("{FAE04EC0-301F-11D3-BF4B-00C04F79EFBC}") = "P1004", "Problems\P1004\P1004.csproj", "{A0665ACB-A62F-4A52-A099-9439F9236979}"
EndProject
Project("{FAE04EC0-301F-11D3-BF4B-00C04F79EFBC}") = "P1005", "Problems\P1005\P1005.csproj", "{F5B51CD3-E9B6-4F4A-84BB-C90A6214A2E3}"
EndProject
Project("{FAE04EC0-301F-11D3-BF4B-00C04F79EFBC}") = "P1006", "Problems\P1006\P1006.csproj", "{9C20A454-570A-4A94-A99D-87EE061B14AF}"
EndProject
Project("{FAE04EC0-301F-11D3-BF4B-00C04F79EFBC}") = "P1007", "Problems\P1007\P1007.csproj", "{2FDFD08A-DF42-47F3-89FF-87F57D494DF4}"
EndProject
Project("{FAE04EC0-301F-11D3-BF4B-00C04F79EFBC}") = "P1008", "Problems\P1008\P1008.csproj", "{1CF01541-3285-439D-B08E-10D6F62A90A3}"
EndProject
Project("{FAE04EC0-301F-11D3-BF4B-00C04F79EFBC}") = "P1009", "Problems\P1009\P1009.csproj", "{9EF7DEB9-735D-412D-A8E2-2618C25FF1D7}"
EndProject
Project("{FAE04EC0-301F-11D3-BF4B-00C04F79EFBC}") = "P1010", "Problems\P1010\P1010.csproj", "{A5C20A3E-0F21-4DCB-AA60-E189971B588B}"
EndProject
Global
	GlobalSection(SolutionConfigurationPlatforms) = preSolution
		Debug|Any CPU = Debug|Any CPU
		Release|Any CPU = Release|Any CPU
	EndGlobalSection
	GlobalSection(ProjectConfigurationPlatforms) = postSolution
		{5450F684-819D-4095-B8FA-AF963C38B3A3}.Debug|Any CPU.ActiveCfg = Debug|Any CPU
		{5450F684-819D-4095-B8FA-AF963C38B3A3}.Debug|Any CPU.Build.0 = Debug|Any CPU
		{5450F684-819D-4095-B8FA-AF963C38B3A3}.Release|Any CPU.ActiveCfg = Release|Any CPU
		{5450F684-819D-4095-B8FA-AF963C38B3A3}.Release|Any CPU.Build.0 = Release|Any CPU
		{6CE1FAA6-0FE5-4AC9-95EE-5BD1DA4C7EA4}.Debug|Any CPU.ActiveCfg = Debug|Any CPU
		{6CE1FAA6-0FE5-4AC9-95EE-5BD1DA4C7EA4}.Debug|Any CPU.Build.0 = Debug|Any CPU
		{6CE1FAA6-0FE5-4AC9-95EE-5BD1DA4C7EA4}.Release|Any CPU.ActiveCfg = Release|Any CPU
		{6CE1FAA6-0FE5-4AC9-95EE-5BD1DA4C7EA4}.Release|Any CPU.Build.0 = Release|Any CPU
		{A6DEA2AB-44FA-4EE6-8FB7-35D5A20024C2}.Debug|Any CPU.ActiveCfg = Debug|Any CPU
		{A6DEA2AB-44FA-4EE6-8FB7-35D5A20024C2}.Debug|Any CPU.Build.0 = Debug|Any CPU
		{A6DEA2AB-44FA-4EE6-8FB7-35D5A20024C2}.Release|Any CPU.ActiveCfg = Release|Any CPU
		{A6DEA2AB-44FA-4EE6-8FB7-35D5A20024C2}.Release|Any CPU.Build.0 = Release|Any CPU
		{C3CE5B36-B43B-4B91-B790-8217DA0E75C1}.Debug|Any CPU.ActiveCfg = Debug|Any CPU
		{C3CE5B36-B43B-4B91-B790-8217DA0E75C1}.Debug|Any CPU.Build.0 = Debug|Any CPU
		{C3CE5B36-B43B-4B91-B790-8217DA0E75C1}.Release|Any CPU.ActiveCfg = Release|Any CPU
		{C3CE5B36-B43B-4B91-B790-8217DA0E75C1}.Release|Any CPU.Build.0 = Release|Any CPU
		{A0665ACB-A62F-4A52-A099-9439F9236979}.Debug|Any CPU.ActiveCfg = Debug|Any CPU
		{A0665ACB-A62F-4A52-A099-9439F9236979}.Debug|Any CPU.Build.0 = Debug|Any CPU
		{A0665ACB-A62F-4A52-A099-9439F9236979}.Release|Any CPU.ActiveCfg = Release|Any CPU
		{A0665ACB-A62F-4A52-A099-9439F9236979}.Release|Any CPU.Build.0 = Release|Any CPU
		{F5B51CD3-E9B6-4F4A-84BB-C90A6214A2E3}.Debug|Any CPU.ActiveCfg = Debug|Any CPU
		{F5B51CD3-E9B6-4F4A-84BB-C90A6214A2E3}.Debug|Any CPU.Build.0 = Debug|Any CPU
		{F5B51CD3-E9B6-4F4A-84BB-C90A6214A2E3}.Release|Any CPU.ActiveCfg = Release|Any CPU
		{F5B51CD3-E9B6-4F4A-84BB-C90A6214A2E3}.Release|Any CPU.Build.0 = Release|Any CPU
		{9C20A454-570A-4A94-A99D-87EE061B14AF}.Debug|Any CPU.ActiveCfg = Debug|Any CPU
		{9C20A454-570A-4A94-A99D-87EE061B14AF}.Debug|Any CPU.Build.0 = Debug|Any CPU
		{9C20A454-570A-4A94-A99D-87EE061B14AF}.Release|Any CPU.ActiveCfg = Release|Any CPU
		{9C20A454-570A-4A94-A99D-87EE061B14AF}.Release|Any CPU.Build.0 = Release|Any CPU
		{2FDFD08A-DF42-47F3-89FF-87F57D494DF4}.Debug|Any CPU.ActiveCfg = Debug|Any CPU
		{2FDFD08A-DF42-47F3-89FF-87F57D494DF4}.Debug|Any CPU.Build.0 = Debug|Any CPU
		{2FDFD08A-DF42-47F3-89FF-87F57D494DF4}.Release|Any CPU.ActiveCfg = Release|Any CPU
		{2FDFD08A-DF42-47F3-89FF-87F57D494DF4}.Release|Any CPU.Build.0 = Release|Any CPU
		{1CF01541-3285-439D-B08E-10D6F62A90A3}.Debug|Any CPU.ActiveCfg = Debug|Any CPU
		{1CF01541-3285-439D-B08E-10D6F62A90A3}.Debug|Any CPU.Build.0 = Debug|Any CPU
		{1CF01541-3285-439D-B08E-10D6F62A90A3}.Release|Any CPU.ActiveCfg = Release|Any CPU
		{1CF01541-3285-439D-B08E-10D6F62A90A3}.Release|Any CPU.Build.0 = Release|Any CPU
		{9EF7DEB9-735D-412D-A8E2-2618C25FF1D7}.Debug|Any CPU.ActiveCfg = Debug|Any CPU
		{9EF7DEB9-735D-412D-A8E2-2618C25FF1D7}.Debug|Any CPU.Build.0 = Debug|Any CPU
		{9EF7DEB9-735D-412D-A8E2-2618C25FF1D7}.Release|Any CPU.ActiveCfg = Release|Any CPU
		{9EF7DEB9-735D-412D-A8E2-2618C25FF1D7}.Release|Any CPU.Build.0 = Release|Any CPU
		{A5C20A3E-0F21-4DCB-AA60-E189971B588B}.Debug|Any CPU.ActiveCfg = Debug|Any CPU
		{A5C20A3E-0F21-4DCB-AA60-E189971B588B}.Debug|Any CPU.Build.0 = Debug|Any CPU
		{A5C20A3E-0F21-4DCB-AA60-E189971B588B}.Release|Any CPU.ActiveCfg = Release|Any CPU
		{A5C20A3E-0F21-4DCB-AA60-E189971B588B}.Release|Any CPU.Build.0 = Release|Any CPU
	EndGlobalSection
	GlobalSection(SolutionProperties) = preSolution
		HideSolutionNode = FALSE
	EndGlobalSection
	GlobalSection(NestedProjects) = preSolution
		{5450F684-819D-4095-B8FA-AF963C38B3A3} = {AE94DB03-D65A-4306-873C-8C7817DCA310}
		{6CE1FAA6-0FE5-4AC9-95EE-5BD1DA4C7EA4} = {AE94DB03-D65A-4306-873C-8C7817DCA310}
		{A6DEA2AB-44FA-4EE6-8FB7-35D5A20024C2} = {AE94DB03-D65A-4306-873C-8C7817DCA310}
		{C3CE5B36-B43B-4B91-B790-8217DA0E75C1} = {AE94DB03-D65A-4306-873C-8C7817DCA310}
		{A0665ACB-A62F-4A52-A099-9439F9236979} = {AE94DB03-D65A-4306-873C-8C7817DCA310}
		{F5B51CD3-E9B6-4F4A-84BB-C90A6214A2E3} = {AE94DB03-D65A-4306-873C-8C7817DCA310}
		{9C20A454-570A-4A94-A99D-87EE061B14AF} = {AE94DB03-D65A-4306-873C-8C7817DCA310}
		{2FDFD08A-DF42-47F3-89FF-87F57D494DF4} = {AE94DB03-D65A-4306-873C-8C7817DCA310}
		{1CF01541-3285-439D-B08E-10D6F62A90A3} = {AE94DB03-D65A-4306-873C-8C7817DCA310}
		{9EF7DEB9-735D-412D-A8E2-2618C25FF1D7} = {AE94DB03-D65A-4306-873C-8C7817DCA310}
		{A5C20A3E-0F21-4DCB-AA60-E189971B588B} = {AE94DB03-D65A-4306-873C-8C7817DCA310}
	EndGlobalSection
EndGlobal
